# This file is autogenerated, do not edit; changes may be undone by the next 'dep ensure'.


[[projects]]
  branch = "master"
  digest = "1:47bcbdf2a60a0bdd142f07f60771078857310fd1ededeb03956add7c7f6bef33"
  name = "golang.org/x/exp"
  packages = ["rand"]
  pruneopts = "UT"
  revision = "3d87b88a115fa4e65fadcbf34e6a60e8040cec41"

[[projects]]
  branch = "master"
  digest = "1:cb7a3c0ee1109f7ebaacca86b2d6bf22245090791367a21c192746a597835e41"
  name = "golang.org/x/tools"
  packages = ["container/intsets"]
  pruneopts = "UT"
  revision = "6cd1fcedba52a3e8045a1c96970cec308e4a632c"

[[projects]]
  branch = "master"
  digest = "1:f4c703c877950f9deff57e58880cf68b5f5714fe3b96be9e08357056a21f1caf"
  name = "gonum.org/v1/gonum"
  packages = [
    "blas",
    "blas/blas64",
    "blas/gonum",
    "floats",
    "internal/asm/c128",
    "internal/asm/f32",
    "internal/asm/f64",
    "internal/math32",
    "lapack",
    "lapack/gonum",
    "lapack/lapack64",
    "mat",
    "mathext",
    "mathext/internal/amos",
    "mathext/internal/cephes",
    "mathext/internal/gonum",
    "optimize",
    "stat",
    "stat/distmv",
    "stat/distuv",
  ]
  pruneopts = "UT"
  revision = "95e9db9a70fd50632d7723641395d92a1f134d06"

[solve-meta]
  analyzer-name = "dep"
  analyzer-version = 1
  input-imports = ["gonum.org/v1/gonum/optimize"]
  solver-name = "gps-cdcl"
  solver-version = 1
